
Microsoft Visual Studio Solution File, Format Version 12.00
# Visual Studio Version 17
VisualStudioVersion = 17.0.31903.59
MinimumVisualStudioVersion = 10.0.40219.1
Project("{2150E333-8FDC-42A3-9474-1A3956D46DE8}") = "src", "src", "{827E0CD3-B72D-47B6-A68D-7590B98EB39B}"
EndProject
Project("{FAE04EC0-301F-11D3-BF4B-00C04F79EFBC}") = "Penumbra.App", "src\Penumbra.App\Penumbra.App.csproj", "{82361D77-E282-4BDB-9290-B380887D57AC}"
EndProject
Project("{FAE04EC0-301F-11D3-BF4B-00C04F79EFBC}") = "Penumbra.Core", "src\Penumbra.Core\Penumbra.Core.csproj", "{6464DAA2-F944-4FA6-9C1E-4B6F19D36E36}"
EndProject
Project("{FAE04EC0-301F-11D3-BF4B-00C04F79EFBC}") = "Penumbra.Ink", "src\Penumbra.Ink\Penumbra.Ink.csproj", "{B1F658E3-7F13-4E97-AE7F-F9DA926289A1}"
EndProject
Project("{FAE04EC0-301F-11D3-BF4B-00C04F79EFBC}") = "Penumbra.Cas", "src\Penumbra.Cas\Penumbra.Cas.csproj", "{9A3C2162-F82F-4B44-B04B-FF0AD34E829A}"
EndProject
Project("{FAE04EC0-301F-11D3-BF4B-00C04F79EFBC}") = "Penumbra.Recognition", "src\Penumbra.Recognition\Penumbra.Recognition.csproj", "{1DD7F653-BC49-4581-A1B1-FD1C66D83359}"
EndProject
Project("{FAE04EC0-301F-11D3-BF4B-00C04F79EFBC}") = "Penumbra.Graphing", "src\Penumbra.Graphing\Penumbra.Graphing.csproj", "{F3CB051C-CD2F-44E9-BC32-33966A570048}"
EndProject
Project("{2150E333-8FDC-42A3-9474-1A3956D46DE8}") = "tests", "tests", "{0AB3BF05-4346-4AA6-1389-037BE0695223}"
EndProject
Project("{FAE04EC0-301F-11D3-BF4B-00C04F79EFBC}") = "Penumbra.Core.Tests", "tests\Penumbra.Core.Tests\Penumbra.Core.Tests.csproj", "{9A861592-5E2A-461C-97AB-6AF1A91B3492}"
EndProject
Project("{FAE04EC0-301F-11D3-BF4B-00C04F79EFBC}") = "Penumbra.Ink.Tests", "tests\Penumbra.Ink.Tests\Penumbra.Ink.Tests.csproj", "{A8F561EE-CE73-49B1-8FB4-485E1CC2CE05}"
EndProject
Project("{FAE04EC0-301F-11D3-BF4B-00C04F79EFBC}") = "Penumbra.Cas.Tests", "tests\Penumbra.Cas.Tests\Penumbra.Cas.Tests.csproj", "{C131D30E-13B0-40B0-9BC4-FAEFD8CFED42}"
EndProject
Project("{FAE04EC0-301F-11D3-BF4B-00C04F79EFBC}") = "Penumbra.Recognition.Tests", "tests\Penumbra.Recognition.Tests\Penumbra.Recognition.Tests.csproj", "{FFA9C3B4-F6F6-4B6C-8180-B41069FA8AA6}"
EndProject
Project("{FAE04EC0-301F-11D3-BF4B-00C04F79EFBC}") = "Penumbra.Graphing.Tests", "tests\Penumbra.Graphing.Tests\Penumbra.Graphing.Tests.csproj", "{793A7AF9-D05F-4E6B-80DA-D4AE73670117}"
EndProject
Project("{FAE04EC0-301F-11D3-BF4B-00C04F79EFBC}") = "Penumbra.Sheet", "src\Penumbra.Sheet\Penumbra.Sheet.csproj", "{45D79798-91EE-48AD-BDAC-5D23D95A8125}"
EndProject
Project("{FAE04EC0-301F-11D3-BF4B-00C04F79EFBC}") = "Penumbra.Sheet.Tests", "tests\Penumbra.Sheet.Tests\Penumbra.Sheet.Tests.csproj", "{7AAF8C0B-2EE6-449B-BAEC-113123D5DB2C}"
EndProject
Project("{FAE04EC0-301F-11D3-BF4B-00C04F79EFBC}") = "Penumbra.App.Tests", "tests\Penumbra.App.Tests\Penumbra.App.Tests.csproj", "{956A5E7A-1961-491F-A5FA-EE9704CF6529}"
EndProject
Global
	GlobalSection(SolutionConfigurationPlatforms) = preSolution
		Debug|Any CPU = Debug|Any CPU
		Debug|x64 = Debug|x64
		Debug|x86 = Debug|x86
		Release|Any CPU = Release|Any CPU
		Release|x64 = Release|x64
		Release|x86 = Release|x86
	EndGlobalSection
	GlobalSection(ProjectConfigurationPlatforms) = postSolution
		{82361D77-E282-4BDB-9290-B380887D57AC}.Debug|Any CPU.ActiveCfg = Debug|Any CPU
		{82361D77-E282-4BDB-9290-B380887D57AC}.Debug|Any CPU.Build.0 = Debug|Any CPU
		{82361D77-E282-4BDB-9290-B380887D57AC}.Debug|x64.ActiveCfg = Debug|Any CPU
		{82361D77-E282-4BDB-9290-B380887D57AC}.Debug|x64.Build.0 = Debug|Any CPU
		{82361D77-E282-4BDB-9290-B380887D57AC}.Debug|x86.ActiveCfg = Debug|Any CPU
		{82361D77-E282-4BDB-9290-B380887D57AC}.Debug|x86.Build.0 = Debug|Any CPU
		{82361D77-E282-4BDB-9290-B380887D57AC}.Release|Any CPU.ActiveCfg = Release|Any CPU
		{82361D77-E282-4BDB-9290-B380887D57AC}.Release|Any CPU.Build.0 = Release|Any CPU
		{82361D77-E282-4BDB-9290-B380887D57AC}.Release|x64.ActiveCfg = Release|Any CPU
		{82361D77-E282-4BDB-9290-B380887D57AC}.Release|x64.Build.0 = Release|Any CPU
		{82361D77-E282-4BDB-9290-B380887D57AC}.Release|x86.ActiveCfg = Release|Any CPU
		{82361D77-E282-4BDB-9290-B380887D57AC}.Release|x86.Build.0 = Release|Any CPU
		{6464DAA2-F944-4FA6-9C1E-4B6F19D36E36}.Debug|Any CPU.ActiveCfg = Debug|Any CPU
		{6464DAA2-F944-4FA6-9C1E-4B6F19D36E36}.Debug|Any CPU.Build.0 = Debug|Any CPU
		{6464DAA2-F944-4FA6-9C1E-4B6F19D36E36}.Debug|x64.ActiveCfg = Debug|Any CPU
		{6464DAA2-F944-4FA6-9C1E-4B6F19D36E36}.Debug|x64.Build.0 = Debug|Any CPU
		{6464DAA2-F944-4FA6-9C1E-4B6F19D36E36}.Debug|x86.ActiveCfg = Debug|Any CPU
		{6464DAA2-F944-4FA6-9C1E-4B6F19D36E36}.Debug|x86.Build.0 = Debug|Any CPU
		{6464DAA2-F944-4FA6-9C1E-4B6F19D36E36}.Release|Any CPU.ActiveCfg = Release|Any CPU
		{6464DAA2-F944-4FA6-9C1E-4B6F19D36E36}.Release|Any CPU.Build.0 = Release|Any CPU
		{6464DAA2-F944-4FA6-9C1E-4B6F19D36E36}.Release|x64.ActiveCfg = Release|Any CPU
		{6464DAA2-F944-4FA6-9C1E-4B6F19D36E36}.Release|x64.Build.0 = Release|Any CPU
		{6464DAA2-F944-4FA6-9C1E-4B6F19D36E36}.Release|x86.ActiveCfg = Release|Any CPU
		{6464DAA2-F944-4FA6-9C1E-4B6F19D36E36}.Release|x86.Build.0 = Release|Any CPU
		{B1F658E3-7F13-4E97-AE7F-F9DA926289A1}.Debug|Any CPU.ActiveCfg = Debug|Any CPU
		{B1F658E3-7F13-4E97-AE7F-F9DA926289A1}.Debug|Any CPU.Build.0 = Debug|Any CPU
		{B1F658E3-7F13-4E97-AE7F-F9DA926289A1}.Debug|x64.ActiveCfg = Debug|Any CPU
		{B1F658E3-7F13-4E97-AE7F-F9DA926289A1}.Debug|x64.Build.0 = Debug|Any CPU
		{B1F658E3-7F13-4E97-AE7F-F9DA926289A1}.Debug|x86.ActiveCfg = Debug|Any CPU
		{B1F658E3-7F13-4E97-AE7F-F9DA926289A1}.Debug|x86.Build.0 = Debug|Any CPU
		{B1F658E3-7F13-4E97-AE7F-F9DA926289A1}.Release|Any CPU.ActiveCfg = Release|Any CPU
		{B1F658E3-7F13-4E97-AE7F-F9DA926289A1}.Release|Any CPU.Build.0 = Release|Any CPU
		{B1F658E3-7F13-4E97-AE7F-F9DA926289A1}.Release|x64.ActiveCfg = Release|Any CPU
		{B1F658E3-7F13-4E97-AE7F-F9DA926289A1}.Release|x64.Build.0 = Release|Any CPU
		{B1F658E3-7F13-4E97-AE7F-F9DA926289A1}.Release|x86.ActiveCfg = Release|Any CPU
		{B1F658E3-7F13-4E97-AE7F-F9DA926289A1}.Release|x86.Build.0 = Release|Any CPU
		{9A3C2162-F82F-4B44-B04B-FF0AD34E829A}.Debug|Any CPU.ActiveCfg = Debug|Any CPU
		{9A3C2162-F82F-4B44-B04B-FF0AD34E829A}.Debug|Any CPU.Build.0 = Debug|Any CPU
		{9A3C2162-F82F-4B44-B04B-FF0AD34E829A}.Debug|x64.ActiveCfg = Debug|Any CPU
		{9A3C2162-F82F-4B44-B04B-FF0AD34E829A}.Debug|x64.Build.0 = Debug|Any CPU
		{9A3C2162-F82F-4B44-B04B-FF0AD34E829A}.Debug|x86.ActiveCfg = Debug|Any CPU
		{9A3C2162-F82F-4B44-B04B-FF0AD34E829A}.Debug|x86.Build.0 = Debug|Any CPU
		{9A3C2162-F82F-4B44-B04B-FF0AD34E829A}.Release|Any CPU.ActiveCfg = Release|Any CPU
		{9A3C2162-F82F-4B44-B04B-FF0AD34E829A}.Release|Any CPU.Build.0 = Release|Any CPU
		{9A3C2162-F82F-4B44-B04B-FF0AD34E829A}.Release|x64.ActiveCfg = Release|Any CPU
		{9A3C2162-F82F-4B44-B04B-FF0AD34E829A}.Release|x64.Build.0 = Release|Any CPU
		{9A3C2162-F82F-4B44-B04B-FF0AD34E829A}.Release|x86.ActiveCfg = Release|Any CPU
		{9A3C2162-F82F-4B44-B04B-FF0AD34E829A}.Release|x86.Build.0 = Release|Any CPU
		{1DD7F653-BC49-4581-A1B1-FD1C66D83359}.Debug|Any CPU.ActiveCfg = Debug|Any CPU
		{1DD7F653-BC49-4581-A1B1-FD1C66D83359}.Debug|Any CPU.Build.0 = Debug|Any CPU
		{1DD7F653-BC49-4581-A1B1-FD1C66D83359}.Debug|x64.ActiveCfg = Debug|Any CPU
		{1DD7F653-BC49-4581-A1B1-FD1C66D83359}.Debug|x64.Build.0 = Debug|Any CPU
		{1DD7F653-BC49-4581-A1B1-FD1C66D83359}.Debug|x86.ActiveCfg = Debug|Any CPU
		{1DD7F653-BC49-4581-A1B1-FD1C66D83359}.Debug|x86.Build.0 = Debug|Any CPU
		{1DD7F653-BC49-4581-A1B1-FD1C66D83359}.Release|Any CPU.ActiveCfg = Release|Any CPU
		{1DD7F653-BC49-4581-A1B1-FD1C66D83359}.Release|Any CPU.Build.0 = Release|Any CPU
		{1DD7F653-BC49-4581-A1B1-FD1C66D83359}.Release|x64.ActiveCfg = Release|Any CPU
		{1DD7F653-BC49-4581-A1B1-FD1C66D83359}.Release|x64.Build.0 = Release|Any CPU
		{1DD7F653-BC49-4581-A1B1-FD1C66D83359}.Release|x86.ActiveCfg = Release|Any CPU
		{1DD7F653-BC49-4581-A1B1-FD1C66D83359}.Release|x86.Build.0 = Release|Any CPU
		{F3CB051C-CD2F-44E9-BC32-33966A570048}.Debug|Any CPU.ActiveCfg = Debug|Any CPU
		{F3CB051C-CD2F-44E9-BC32-33966A570048}.Debug|Any CPU.Build.0 = Debug|Any CPU
		{F3CB051C-CD2F-44E9-BC32-33966A570048}.Debug|x64.ActiveCfg = Debug|Any CPU
		{F3CB051C-CD2F-44E9-BC32-33966A570048}.Debug|x64.Build.0 = Debug|Any CPU
		{F3CB051C-CD2F-44E9-BC32-33966A570048}.Debug|x86.ActiveCfg = Debug|Any CPU
		{F3CB051C-CD2F-44E9-BC32-33966A570048}.Debug|x86.Build.0 = Debug|Any CPU
		{F3CB051C-CD2F-44E9-BC32-33966A570048}.Release|Any CPU.ActiveCfg = Release|Any CPU
		{F3CB051C-CD2F-44E9-BC32-33966A570048}.Release|Any CPU.Build.0 = Release|Any CPU
		{F3CB051C-CD2F-44E9-BC32-33966A570048}.Release|x64.ActiveCfg = Release|Any CPU
		{F3CB051C-CD2F-44E9-BC32-33966A570048}.Release|x64.Build.0 = Release|Any CPU
		{F3CB051C-CD2F-44E9-BC32-33966A570048}.Release|x86.ActiveCfg = Release|Any CPU
		{F3CB051C-CD2F-44E9-BC32-33966A570048}.Release|x86.Build.0 = Release|Any CPU
		{9A861592-5E2A-461C-97AB-6AF1A91B3492}.Debug|Any CPU.ActiveCfg = Debug|Any CPU
		{9A861592-5E2A-461C-97AB-6AF1A91B3492}.Debug|Any CPU.Build.0 = Debug|Any CPU
		{9A861592-5E2A-461C-97AB-6AF1A91B3492}.Debug|x64.ActiveCfg = Debug|Any CPU
		{9A861592-5E2A-461C-97AB-6AF1A91B3492}.Debug|x64.Build.0 = Debug|Any CPU
		{9A861592-5E2A-461C-97AB-6AF1A91B3492}.Debug|x86.ActiveCfg = Debug|Any CPU
		{9A861592-5E2A-461C-97AB-6AF1A91B3492}.Debug|x86.Build.0 = Debug|Any CPU
		{9A861592-5E2A-461C-97AB-6AF1A91B3492}.Release|Any CPU.ActiveCfg = Release|Any CPU
		{9A861592-5E2A-461C-97AB-6AF1A91B3492}.Release|Any CPU.Build.0 = Release|Any CPU
		{9A861592-5E2A-461C-97AB-6AF1A91B3492}.Release|x64.ActiveCfg = Release|Any CPU
		{9A861592-5E2A-461C-97AB-6AF1A91B3492}.Release|x64.Build.0 = Release|Any CPU
		{9A861592-5E2A-461C-97AB-6AF1A91B3492}.Release|x86.ActiveCfg = Release|Any CPU
		{9A861592-5E2A-461C-97AB-6AF1A91B3492}.Release|x86.Build.0 = Release|Any CPU
		{A8F561EE-CE73-49B1-8FB4-485E1CC2CE05}.Debug|Any CPU.ActiveCfg = Debug|Any CPU
		{A8F561EE-CE73-49B1-8FB4-485E1CC2CE05}.Debug|Any CPU.Build.0 = Debug|Any CPU
		{A8F561EE-CE73-49B1-8FB4-485E1CC2CE05}.Debug|x64.ActiveCfg = Debug|Any CPU
		{A8F561EE-CE73-49B1-8FB4-485E1CC2CE05}.Debug|x64.Build.0 = Debug|Any CPU
		{A8F561EE-CE73-49B1-8FB4-485E1CC2CE05}.Debug|x86.ActiveCfg = Debug|Any CPU
		{A8F561EE-CE73-49B1-8FB4-485E1CC2CE05}.Debug|x86.Build.0 = Debug|Any CPU
		{A8F561EE-CE73-49B1-8FB4-485E1CC2CE05}.Release|Any CPU.ActiveCfg = Release|Any CPU
		{A8F561EE-CE73-49B1-8FB4-485E1CC2CE05}.Release|Any CPU.Build.0 = Release|Any CPU
		{A8F561EE-CE73-49B1-8FB4-485E1CC2CE05}.Release|x64.ActiveCfg = Release|Any CPU
		{A8F561EE-CE73-49B1-8FB4-485E1CC2CE05}.Release|x64.Build.0 = Release|Any CPU
		{A8F561EE-CE73-49B1-8FB4-485E1CC2CE05}.Release|x86.ActiveCfg = Release|Any CPU
		{A8F561EE-CE73-49B1-8FB4-485E1CC2CE05}.Release|x86.Build.0 = Release|Any CPU
		{C131D30E-13B0-40B0-9BC4-FAEFD8CFED42}.Debug|Any CPU.ActiveCfg = Debug|Any CPU
		{C131D30E-13B0-40B0-9BC4-FAEFD8CFED42}.Debug|Any CPU.Build.0 = Debug|Any CPU
		{C131D30E-13B0-40B0-9BC4-FAEFD8CFED42}.Debug|x64.ActiveCfg = Debug|Any CPU
		{C131D30E-13B0-40B0-9BC4-FAEFD8CFED42}.Debug|x64.Build.0 = Debug|Any CPU
		{C131D30E-13B0-40B0-9BC4-FAEFD8CFED42}.Debug|x86.ActiveCfg = Debug|Any CPU
		{C131D30E-13B0-40B0-9BC4-FAEFD8CFED42}.Debug|x86.Build.0 = Debug|Any CPU
		{C131D30E-13B0-40B0-9BC4-FAEFD8CFED42}.Release|Any CPU.ActiveCfg = Release|Any CPU
		{C131D30E-13B0-40B0-9BC4-FAEFD8CFED42}.Release|Any CPU.Build.0 = Release|Any CPU
		{C131D30E-13B0-40B0-9BC4-FAEFD8CFED42}.Release|x64.ActiveCfg = Release|Any CPU
		{C131D30E-13B0-40B0-9BC4-FAEFD8CFED42}.Release|x64.Build.0 = Release|Any CPU
		{C131D30E-13B0-40B0-9BC4-FAEFD8CFED42}.Release|x86.ActiveCfg = Release|Any CPU
		{C131D30E-13B0-40B0-9BC4-FAEFD8CFED42}.Release|x86.Build.0 = Release|Any CPU
		{FFA9C3B4-F6F6-4B6C-8180-B41069FA8AA6}.Debug|Any CPU.ActiveCfg = Debug|Any CPU
		{FFA9C3B4-F6F6-4B6C-8180-B41069FA8AA6}.Debug|Any CPU.Build.0 = Debug|Any CPU
		{FFA9C3B4-F6F6-4B6C-8180-B41069FA8AA6}.Debug|x64.ActiveCfg = Debug|Any CPU
		{FFA9C3B4-F6F6-4B6C-8180-B41069FA8AA6}.Debug|x64.Build.0 = Debug|Any CPU
		{FFA9C3B4-F6F6-4B6C-8180-B41069FA8AA6}.Debug|x86.ActiveCfg = Debug|Any CPU
		{FFA9C3B4-F6F6-4B6C-8180-B41069FA8AA6}.Debug|x86.Build.0 = Debug|Any CPU
		{FFA9C3B4-F6F6-4B6C-8180-B41069FA8AA6}.Release|Any CPU.ActiveCfg = Release|Any CPU
		{FFA9C3B4-F6F6-4B6C-8180-B41069FA8AA6}.Release|Any CPU.Build.0 = Release|Any CPU
		{FFA9C3B4-F6F6-4B6C-8180-B41069FA8AA6}.Release|x64.ActiveCfg = Release|Any CPU
		{FFA9C3B4-F6F6-4B6C-8180-B41069FA8AA6}.Release|x64.Build.0 = Release|Any CPU
		{FFA9C3B4-F6F6-4B6C-8180-B41069FA8AA6}.Release|x86.ActiveCfg = Release|Any CPU
		{FFA9C3B4-F6F6-4B6C-8180-B41069FA8AA6}.Release|x86.Build.0 = Release|Any CPU
		{793A7AF9-D05F-4E6B-80DA-D4AE73670117}.Debug|Any CPU.ActiveCfg = Debug|Any CPU
		{793A7AF9-D05F-4E6B-80DA-D4AE73670117}.Debug|Any CPU.Build.0 = Debug|Any CPU
		{793A7AF9-D05F-4E6B-80DA-D4AE73670117}.Debug|x64.ActiveCfg = Debug|Any CPU
		{793A7AF9-D05F-4E6B-80DA-D4AE73670117}.Debug|x64.Build.0 = Debug|Any CPU
		{793A7AF9-D05F-4E6B-80DA-D4AE73670117}.Debug|x86.ActiveCfg = Debug|Any CPU
		{793A7AF9-D05F-4E6B-80DA-D4AE73670117}.Debug|x86.Build.0 = Debug|Any CPU
		{793A7AF9-D05F-4E6B-80DA-D4AE73670117}.Release|Any CPU.ActiveCfg = Release|Any CPU
		{793A7AF9-D05F-4E6B-80DA-D4AE73670117}.Release|Any CPU.Build.0 = Release|Any CPU
		{793A7AF9-D05F-4E6B-80DA-D4AE73670117}.Release|x64.ActiveCfg = Release|Any CPU
		{793A7AF9-D05F-4E6B-80DA-D4AE73670117}.Release|x64.Build.0 = Release|Any CPU
		{793A7AF9-D05F-4E6B-80DA-D4AE73670117}.Release|x86.ActiveCfg = Release|Any CPU
		{793A7AF9-D05F-4E6B-80DA-D4AE73670117}.Release|x86.Build.0 = Release|Any CPU
		{45D79798-91EE-48AD-BDAC-5D23D95A8125}.Debug|Any CPU.ActiveCfg = Debug|Any CPU
		{45D79798-91EE-48AD-BDAC-5D23D95A8125}.Debug|Any CPU.Build.0 = Debug|Any CPU
		{45D79798-91EE-48AD-BDAC-5D23D95A8125}.Debug|x64.ActiveCfg = Debug|Any CPU
		{45D79798-91EE-48AD-BDAC-5D23D95A8125}.Debug|x64.Build.0 = Debug|Any CPU
		{45D79798-91EE-48AD-BDAC-5D23D95A8125}.Debug|x86.ActiveCfg = Debug|Any CPU
		{45D79798-91EE-48AD-BDAC-5D23D95A8125}.Debug|x86.Build.0 = Debug|Any CPU
		{45D79798-91EE-48AD-BDAC-5D23D95A8125}.Release|Any CPU.ActiveCfg = Release|Any CPU
		{45D79798-91EE-48AD-BDAC-5D23D95A8125}.Release|Any CPU.Build.0 = Release|Any CPU
		{45D79798-91EE-48AD-BDAC-5D23D95A8125}.Release|x64.ActiveCfg = Release|Any CPU
		{45D79798-91EE-48AD-BDAC-5D23D95A8125}.Release|x64.Build.0 = Release|Any CPU
		{45D79798-91EE-48AD-BDAC-5D23D95A8125}.Release|x86.ActiveCfg = Release|Any CPU
		{45D79798-91EE-48AD-BDAC-5D23D95A8125}.Release|x86.Build.0 = Release|Any CPU
		{7AAF8C0B-2EE6-449B-BAEC-113123D5DB2C}.Debug|Any CPU.ActiveCfg = Debug|Any CPU
		{7AAF8C0B-2EE6-449B-BAEC-113123D5DB2C}.Debug|Any CPU.Build.0 = Debug|Any CPU
		{7AAF8C0B-2EE6-449B-BAEC-113123D5DB2C}.Debug|x64.ActiveCfg = Debug|Any CPU
		{7AAF8C0B-2EE6-449B-BAEC-113123D5DB2C}.Debug|x64.Build.0 = Debug|Any CPU
		{7AAF8C0B-2EE6-449B-BAEC-113123D5DB2C}.Debug|x86.ActiveCfg = Debug|Any CPU
		{7AAF8C0B-2EE6-449B-BAEC-113123D5DB2C}.Debug|x86.Build.0 = Debug|Any CPU
		{7AAF8C0B-2EE6-449B-BAEC-113123D5DB2C}.Release|Any CPU.ActiveCfg = Release|Any CPU
		{7AAF8C0B-2EE6-449B-BAEC-113123D5DB2C}.Release|Any CPU.Build.0 = Release|Any CPU
		{7AAF8C0B-2EE6-449B-BAEC-113123D5DB2C}.Release|x64.ActiveCfg = Release|Any CPU
		{7AAF8C0B-2EE6-449B-BAEC-113123D5DB2C}.Release|x64.Build.0 = Release|Any CPU
		{7AAF8C0B-2EE6-449B-BAEC-113123D5DB2C}.Release|x86.ActiveCfg = Release|Any CPU
		{7AAF8C0B-2EE6-449B-BAEC-113123D5DB2C}.Release|x86.Build.0 = Release|Any CPU
		{956A5E7A-1961-491F-A5FA-EE9704CF6529}.Debug|Any CPU.ActiveCfg = Debug|Any CPU
		{956A5E7A-1961-491F-A5FA-EE9704CF6529}.Debug|Any CPU.Build.0 = Debug|Any CPU
		{956A5E7A-1961-491F-A5FA-EE9704CF6529}.Debug|x64.ActiveCfg = Debug|Any CPU
		{956A5E7A-1961-491F-A5FA-EE9704CF6529}.Debug|x64.Build.0 = Debug|Any CPU
		{956A5E7A-1961-491F-A5FA-EE9704CF6529}.Debug|x86.ActiveCfg = Debug|Any CPU
		{956A5E7A-1961-491F-A5FA-EE9704CF6529}.Debug|x86.Build.0 = Debug|Any CPU
		{956A5E7A-1961-491F-A5FA-EE9704CF6529}.Release|Any CPU.ActiveCfg = Release|Any CPU
		{956A5E7A-1961-491F-A5FA-EE9704CF6529}.Release|Any CPU.Build.0 = Release|Any CPU
		{956A5E7A-1961-491F-A5FA-EE9704CF6529}.Release|x64.ActiveCfg = Release|Any CPU
		{956A5E7A-1961-491F-A5FA-EE9704CF6529}.Release|x64.Build.0 = Release|Any CPU
		{956A5E7A-1961-491F-A5FA-EE9704CF6529}.Release|x86.ActiveCfg = Release|Any CPU
		{956A5E7A-1961-491F-A5FA-EE9704CF6529}.Release|x86.Build.0 = Release|Any CPU
	EndGlobalSection
	GlobalSection(SolutionProperties) = preSolution
		HideSolutionNode = FALSE
	EndGlobalSection
	GlobalSection(NestedProjects) = preSolution
		{82361D77-E282-4BDB-9290-B380887D57AC} = {827E0CD3-B72D-47B6-A68D-7590B98EB39B}
		{6464DAA2-F944-4FA6-9C1E-4B6F19D36E36} = {827E0CD3-B72D-47B6-A68D-7590B98EB39B}
		{B1F658E3-7F13-4E97-AE7F-F9DA926289A1} = {827E0CD3-B72D-47B6-A68D-7590B98EB39B}
		{9A3C2162-F82F-4B44-B04B-FF0AD34E829A} = {827E0CD3-B72D-47B6-A68D-7590B98EB39B}
		{1DD7F653-BC49-4581-A1B1-FD1C66D83359} = {827E0CD3-B72D-47B6-A68D-7590B98EB39B}
		{F3CB051C-CD2F-44E9-BC32-33966A570048} = {827E0CD3-B72D-47B6-A68D-7590B98EB39B}
		{9A861592-5E2A-461C-97AB-6AF1A91B3492} = {0AB3BF05-4346-4AA6-1389-037BE0695223}
		{A8F561EE-CE73-49B1-8FB4-485E1CC2CE05} = {0AB3BF05-4346-4AA6-1389-037BE0695223}
		{C131D30E-13B0-40B0-9BC4-FAEFD8CFED42} = {0AB3BF05-4346-4AA6-1389-037BE0695223}
		{FFA9C3B4-F6F6-4B6C-8180-B41069FA8AA6} = {0AB3BF05-4346-4AA6-1389-037BE0695223}
		{793A7AF9-D05F-4E6B-80DA-D4AE73670117} = {0AB3BF05-4346-4AA6-1389-037BE0695223}
		{45D79798-91EE-48AD-BDAC-5D23D95A8125} = {827E0CD3-B72D-47B6-A68D-7590B98EB39B}
		{7AAF8C0B-2EE6-449B-BAEC-113123D5DB2C} = {0AB3BF05-4346-4AA6-1389-037BE0695223}
		{956A5E7A-1961-491F-A5FA-EE9704CF6529} = {0AB3BF05-4346-4AA6-1389-037BE0695223}
	EndGlobalSection
EndGlobal
